
Microsoft Visual Studio Solution File, Format Version 12.00
# Visual Studio Version 17
VisualStudioVersion = 17.14.37328.6
MinimumVisualStudioVersion = 10.0.40219.1
Project("{FAE04EC0-301F-11D3-BF4B-00C04F79EFBC}") = "YigitTahsilat.API", "YigitTahsilat.API\YigitTahsilat.API.csproj", "{6F01D9DF-36F8-4331-A02F-8CCAA26614E6}"
EndProject
Global
	GlobalSection(SolutionConfigurationPlatforms) = preSolution
		Debug|Any CPU = Debug|Any CPU
		Release|Any CPU = Release|Any CPU
	EndGlobalSection
	GlobalSection(ProjectConfigurationPlatforms) = postSolution
		{6F01D9DF-36F8-4331-A02F-8CCAA26614E6}.Debug|Any CPU.ActiveCfg = Debug|Any CPU
		{6F01D9DF-36F8-4331-A02F-8CCAA26614E6}.Debug|Any CPU.Build.0 = Debug|Any CPU
		{6F01D9DF-36F8-4331-A02F-8CCAA26614E6}.Release|Any CPU.ActiveCfg = Release|Any CPU
		{6F01D9DF-36F8-4331-A02F-8CCAA26614E6}.Release|Any CPU.Build.0 = Release|Any CPU
	EndGlobalSection
	GlobalSection(SolutionProperties) = preSolution
		HideSolutionNode = FALSE
	EndGlobalSection
	GlobalSection(ExtensibilityGlobals) = postSolution
		SolutionGuid = {1C7AAE3F-A36A-4920-BB34-6850A8F210D0}
	EndGlobalSection
EndGlobal
